{
  "name": "rest-bridge",
  "version": "1.0.31",
  "lockfileVersion": 1,
  "requires": true,
  "dependencies": {
    "@nanw/nwlog": {
      "version": "1.0.3",
      "resolved": "https://registry.npmjs.org/@nanw/nwlog/-/nwlog-1.0.3.tgz",
      "integrity": "sha512-zs+42sKBRbeDl2Im30c8W9gr9UyDyaBMcM4QJzkXAlduLp6tWD6A5lAcbKkcQ8ZvY/nfgaFyO3cWrPf7HbBKRQ=="
    }
  }
}
